PODS:
  - DSLogs (0.1.0)
  - Expecta (1.0.0)
  - Specta (1.0.0)

DEPENDENCIES:
  - DSLogs (from `../`)
  - Expecta
  - Specta

EXTERNAL SOURCES:
  DSLogs:
    :path: ../

SPEC CHECKSUMS:
  DSLogs: 4fbf5bd41e1ef4dfbf34c992c7acfe93cb4ea856
  Expecta: 32604574add2c46a36f8d2f716b6c5736eb75024
  Specta: 96fe05fe5c7348b5223f85e862904f6e832abb14

COCOAPODS: 0.36.3
